// !$*UTF8*$!
{
	archiveVersion = 1;
	classes = {
	};
	objectVersion = 56;
	objects = {

/* Begin PBXBuildFile section */
		2546E1C0299FA45F006BCA17 /* AppDelegate.swift in Sources */ = {isa = PBXBuildFile; fileRef = 2546E1BF299FA45F006BCA17 /* AppDelegate.swift */; };
		2546E1C2299FA45F006BCA17 /* SceneDelegate.swift in Sources */ = {isa = PBXBuildFile; fileRef = 2546E1C1299FA45F006BCA17 /* SceneDelegate.swift */; };
		2546E1C4299FA45F006BCA17 /* ViewController.swift in Sources */ = {isa = PBXBuildFile; fileRef = 2546E1C3299FA45F006BCA17 /* ViewController.swift */; };
		2546E1C7299FA45F006BCA17 /* Main.storyboard in Resources */ = {isa = PBXBuildFile; fileRef = 2546E1C5299FA45F006BCA17 /* Main.storyboard */; };
		2546E1CC299FA462006BCA17 /* Assets.xcassets in Resources */ = {isa = PBXBuildFile; fileRef = 2546E1CB299FA462006BCA17 /* Assets.xcassets */; };
		2546E1CF299FA462006BCA17 /* LaunchScreen.storyboard in Resources */ = {isa = PBXBuildFile; fileRef = 2546E1CD299FA462006BCA17 /* LaunchScreen.storyboard */; };
		2546E1F6299FA677006BCA17 /* LoginView.swift in Sources */ = {isa = PBXBuildFile; fileRef = 2546E1F5299FA677006BCA17 /* LoginView.swift */; };
		2546E1F8299FD65F006BCA17 /* LoginViewController.swift in Sources */ = {isa = PBXBuildFile; fileRef = 2546E1F7299FD65F006BCA17 /* LoginViewController.swift */; };
		2546E1FA299FE1DA006BCA17 /* LoginViewModel.swift in Sources */ = {isa = PBXBuildFile; fileRef = 2546E1F9299FE1DA006BCA17 /* LoginViewModel.swift */; };
		2589299829A9498900226A36 /* HeroeDetailController.swift in Sources */ = {isa = PBXBuildFile; fileRef = 2589299729A9498900226A36 /* HeroeDetailController.swift */; };
		25A9D55929AA938B00E75F02 /* HeroMapView.swift in Sources */ = {isa = PBXBuildFile; fileRef = 25A9D55829AA938B00E75F02 /* HeroMapView.swift */; };
		25A9D55B29AA97A500E75F02 /* HeroeMapViewController.swift in Sources */ = {isa = PBXBuildFile; fileRef = 25A9D55A29AA97A500E75F02 /* HeroeMapViewController.swift */; };
		25C5AC7129A0EA470017A3F9 /* ApiClient.swift in Sources */ = {isa = PBXBuildFile; fileRef = 25C5AC7029A0EA470017A3F9 /* ApiClient.swift */; };
		25C5AC7429A0EABF0017A3F9 /* Constants.swift in Sources */ = {isa = PBXBuildFile; fileRef = 25C5AC7329A0EABF0017A3F9 /* Constants.swift */; };
		25C5AC7B29A0F9190017A3F9 /* HeroListView.swift in Sources */ = {isa = PBXBuildFile; fileRef = 25C5AC7A29A0F9190017A3F9 /* HeroListView.swift */; };
		25C5AC7D29A0FA580017A3F9 /* HeroCell.swift in Sources */ = {isa = PBXBuildFile; fileRef = 25C5AC7C29A0FA580017A3F9 /* HeroCell.swift */; };
		25C5AC7F29A1060C0017A3F9 /* HeroeModel.swift in Sources */ = {isa = PBXBuildFile; fileRef = 25C5AC7E29A1060C0017A3F9 /* HeroeModel.swift */; };
		25C5AC8329A109D40017A3F9 /* HeroeDetail.swift in Sources */ = {isa = PBXBuildFile; fileRef = 25C5AC8229A109D40017A3F9 /* HeroeDetail.swift */; };
		25C5AC8629A139DD0017A3F9 /* Kingfisher in Frameworks */ = {isa = PBXBuildFile; productRef = 25C5AC8529A139DD0017A3F9 /* Kingfisher */; };
		25C5AC8829A13FAC0017A3F9 /* HeroViewModel.swift in Sources */ = {isa = PBXBuildFile; fileRef = 25C5AC8729A13FAC0017A3F9 /* HeroViewModel.swift */; };
		25C5AC8A29A13FC20017A3F9 /* HeroViewController.swift in Sources */ = {isa = PBXBuildFile; fileRef = 25C5AC8929A13FC20017A3F9 /* HeroViewController.swift */; };
		25C5AC8C29A1440C0017A3F9 /* HeroDataSource.swift in Sources */ = {isa = PBXBuildFile; fileRef = 25C5AC8B29A1440C0017A3F9 /* HeroDataSource.swift */; };
		25C5AC8E29A144290017A3F9 /* HeroeListDelegate.swift in Sources */ = {isa = PBXBuildFile; fileRef = 25C5AC8D29A144290017A3F9 /* HeroeListDelegate.swift */; };
		25C5AC9129A1548A0017A3F9 /* LoginDelegate.swift in Sources */ = {isa = PBXBuildFile; fileRef = 25C5AC9029A1548A0017A3F9 /* LoginDelegate.swift */; };
		25C5AC9529A160E10017A3F9 /* Globals.swift in Sources */ = {isa = PBXBuildFile; fileRef = 25C5AC9429A160E10017A3F9 /* Globals.swift */; };
		25E582A129A6602000E025DF /* Heroe.xcdatamodeld in Sources */ = {isa = PBXBuildFile; fileRef = 25E5829F29A6602000E025DF /* Heroe.xcdatamodeld */; };
		25E582A329A662D300E025DF /* DataManager.swift in Sources */ = {isa = PBXBuildFile; fileRef = 25E582A229A662D300E025DF /* DataManager.swift */; };
		25E582A529A6796600E025DF /* Heroe+CoreData.swift in Sources */ = {isa = PBXBuildFile; fileRef = 25E582A429A6796600E025DF /* Heroe+CoreData.swift */; };
		25E7583229A3FF22004FD845 /* TabBarClass.swift in Sources */ = {isa = PBXBuildFile; fileRef = 25E7583129A3FF22004FD845 /* TabBarClass.swift */; };
/* End PBXBuildFile section */

/* Begin PBXContainerItemProxy section */
		2546E1D6299FA462006BCA17 /* PBXContainerItemProxy */ = {
			isa = PBXContainerItemProxy;
			containerPortal = 2546E1B4299FA45F006BCA17 /* Project object */;
			proxyType = 1;
			remoteGlobalIDString = 2546E1BB299FA45F006BCA17;
			remoteInfo = iOS_Advance_practice;
		};
		2546E1E0299FA462006BCA17 /* PBXContainerItemProxy */ = {
			isa = PBXContainerItemProxy;
			containerPortal = 2546E1B4299FA45F006BCA17 /* Project object */;
			proxyType = 1;
			remoteGlobalIDString = 2546E1BB299FA45F006BCA17;
			remoteInfo = iOS_Advance_practice;
		};
/* End PBXContainerItemProxy section */

/* Begin PBXFileReference section */
		2546E1BC299FA45F006BCA17 /* iOS_Advance_practice.app */ = {isa = PBXFileReference; explicitFileType = wrapper.application; includeInIndex = 0; path = iOS_Advance_practice.app; sourceTree = BUILT_PRODUCTS_DIR; };
		2546E1BF299FA45F006BCA17 /* AppDelegate.swift */ = {isa = PBXFileReference; lastKnownFileType = sourcecode.swift; path = AppDelegate.swift; sourceTree = "<group>"; };
		2546E1C1299FA45F006BCA17 /* SceneDelegate.swift */ = {isa = PBXFileReference; lastKnownFileType = sourcecode.swift; path = SceneDelegate.swift; sourceTree = "<group>"; };
		2546E1C3299FA45F006BCA17 /* ViewController.swift */ = {isa = PBXFileReference; lastKnownFileType = sourcecode.swift; path = ViewController.swift; sourceTree = "<group>"; };
		2546E1C6299FA45F006BCA17 /* Base */ = {isa = PBXFileReference; lastKnownFileType = file.storyboard; name = Base; path = Base.lproj/Main.storyboard; sourceTree = "<group>"; };
		2546E1CB299FA462006BCA17 /* Assets.xcassets */ = {isa = PBXFileReference; lastKnownFileType = folder.assetcatalog; path = Assets.xcassets; sourceTree = "<group>"; };
		2546E1CE299FA462006BCA17 /* Base */ = {isa = PBXFileReference; lastKnownFileType = file.storyboard; name = Base; path = Base.lproj/LaunchScreen.storyboard; sourceTree = "<group>"; };
		2546E1D0299FA462006BCA17 /* Info.plist */ = {isa = PBXFileReference; lastKnownFileType = text.plist.xml; path = Info.plist; sourceTree = "<group>"; };
		2546E1D5299FA462006BCA17 /* iOS_Advance_practiceTests.xctest */ = {isa = PBXFileReference; explicitFileType = wrapper.cfbundle; includeInIndex = 0; path = iOS_Advance_practiceTests.xctest; sourceTree = BUILT_PRODUCTS_DIR; };
		2546E1DF299FA462006BCA17 /* iOS_Advance_practiceUITests.xctest */ = {isa = PBXFileReference; explicitFileType = wrapper.cfbundle; includeInIndex = 0; path = iOS_Advance_practiceUITests.xctest; sourceTree = BUILT_PRODUCTS_DIR; };
		2546E1F5299FA677006BCA17 /* LoginView.swift */ = {isa = PBXFileReference; lastKnownFileType = sourcecode.swift; path = LoginView.swift; sourceTree = "<group>"; };
		2546E1F7299FD65F006BCA17 /* LoginViewController.swift */ = {isa = PBXFileReference; lastKnownFileType = sourcecode.swift; path = LoginViewController.swift; sourceTree = "<group>"; };
		2546E1F9299FE1DA006BCA17 /* LoginViewModel.swift */ = {isa = PBXFileReference; lastKnownFileType = sourcecode.swift; path = LoginViewModel.swift; sourceTree = "<group>"; };
		2589299729A9498900226A36 /* HeroeDetailController.swift */ = {isa = PBXFileReference; lastKnownFileType = sourcecode.swift; path = HeroeDetailController.swift; sourceTree = "<group>"; };
		25A9D55829AA938B00E75F02 /* HeroMapView.swift */ = {isa = PBXFileReference; lastKnownFileType = sourcecode.swift; path = HeroMapView.swift; sourceTree = "<group>"; };
		25A9D55A29AA97A500E75F02 /* HeroeMapViewController.swift */ = {isa = PBXFileReference; lastKnownFileType = sourcecode.swift; path = HeroeMapViewController.swift; sourceTree = "<group>"; };
		25C5AC7029A0EA470017A3F9 /* ApiClient.swift */ = {isa = PBXFileReference; lastKnownFileType = sourcecode.swift; path = ApiClient.swift; sourceTree = "<group>"; };
		25C5AC7329A0EABF0017A3F9 /* Constants.swift */ = {isa = PBXFileReference; lastKnownFileType = sourcecode.swift; path = Constants.swift; sourceTree = "<group>"; };
		25C5AC7A29A0F9190017A3F9 /* HeroListView.swift */ = {isa = PBXFileReference; lastKnownFileType = sourcecode.swift; path = HeroListView.swift; sourceTree = "<group>"; };
		25C5AC7C29A0FA580017A3F9 /* HeroCell.swift */ = {isa = PBXFileReference; lastKnownFileType = sourcecode.swift; path = HeroCell.swift; sourceTree = "<group>"; };
		25C5AC7E29A1060C0017A3F9 /* HeroeModel.swift */ = {isa = PBXFileReference; lastKnownFileType = sourcecode.swift; path = HeroeModel.swift; sourceTree = "<group>"; };
		25C5AC8229A109D40017A3F9 /* HeroeDetail.swift */ = {isa = PBXFileReference; lastKnownFileType = sourcecode.swift; path = HeroeDetail.swift; sourceTree = "<group>"; };
		25C5AC8729A13FAC0017A3F9 /* HeroViewModel.swift */ = {isa = PBXFileReference; lastKnownFileType = sourcecode.swift; path = HeroViewModel.swift; sourceTree = "<group>"; };
		25C5AC8929A13FC20017A3F9 /* HeroViewController.swift */ = {isa = PBXFileReference; lastKnownFileType = sourcecode.swift; path = HeroViewController.swift; sourceTree = "<group>"; };
		25C5AC8B29A1440C0017A3F9 /* HeroDataSource.swift */ = {isa = PBXFileReference; lastKnownFileType = sourcecode.swift; path = HeroDataSource.swift; sourceTree = "<group>"; };
		25C5AC8D29A144290017A3F9 /* HeroeListDelegate.swift */ = {isa = PBXFileReference; lastKnownFileType = sourcecode.swift; path = HeroeListDelegate.swift; sourceTree = "<group>"; };
		25C5AC9029A1548A0017A3F9 /* LoginDelegate.swift */ = {isa = PBXFileReference; lastKnownFileType = sourcecode.swift; path = LoginDelegate.swift; sourceTree = "<group>"; };
		25C5AC9429A160E10017A3F9 /* Globals.swift */ = {isa = PBXFileReference; lastKnownFileType = sourcecode.swift; path = Globals.swift; sourceTree = "<group>"; };
		25E582A029A6602000E025DF /* Heroe.xcdatamodel */ = {isa = PBXFileReference; lastKnownFileType = wrapper.xcdatamodel; path = Heroe.xcdatamodel; sourceTree = "<group>"; };
		25E582A229A662D300E025DF /* DataManager.swift */ = {isa = PBXFileReference; lastKnownFileType = sourcecode.swift; path = DataManager.swift; sourceTree = "<group>"; };
		25E582A429A6796600E025DF /* Heroe+CoreData.swift */ = {isa = PBXFileReference; lastKnownFileType = sourcecode.swift; path = "Heroe+CoreData.swift"; sourceTree = "<group>"; };
		25E7583129A3FF22004FD845 /* TabBarClass.swift */ = {isa = PBXFileReference; lastKnownFileType = sourcecode.swift; path = TabBarClass.swift; sourceTree = "<group>"; };
/* End PBXFileReference section */

/* Begin PBXFrameworksBuildPhase section */
		2546E1B9299FA45F006BCA17 /* Frameworks */ = {
			isa = PBXFrameworksBuildPhase;
			buildActionMask = 2147483647;
			files = (
				25C5AC8629A139DD0017A3F9 /* Kingfisher in Frameworks */,
			);
			runOnlyForDeploymentPostprocessing = 0;
		};
		2546E1D2299FA462006BCA17 /* Frameworks */ = {
			isa = PBXFrameworksBuildPhase;
			buildActionMask = 2147483647;
			files = (
			);
			runOnlyForDeploymentPostprocessing = 0;
		};
		2546E1DC299FA462006BCA17 /* Frameworks */ = {
			isa = PBXFrameworksBuildPhase;
			buildActionMask = 2147483647;
			files = (
			);
			runOnlyForDeploymentPostprocessing = 0;
		};
/* End PBXFrameworksBuildPhase section */

/* Begin PBXGroup section */
		2546E1B3299FA45F006BCA17 = {
			isa = PBXGroup;
			children = (
				25C5AC9429A160E10017A3F9 /* Globals.swift */,
				2546E1BE299FA45F006BCA17 /* iOS_Advance_practice */,
				2546E1BD299FA45F006BCA17 /* Products */,
			);
			sourceTree = "<group>";
		};
		2546E1BD299FA45F006BCA17 /* Products */ = {
			isa = PBXGroup;
			children = (
				2546E1BC299FA45F006BCA17 /* iOS_Advance_practice.app */,
				2546E1D5299FA462006BCA17 /* iOS_Advance_practiceTests.xctest */,
				2546E1DF299FA462006BCA17 /* iOS_Advance_practiceUITests.xctest */,
			);
			name = Products;
			sourceTree = "<group>";
		};
		2546E1BE299FA45F006BCA17 /* iOS_Advance_practice */ = {
			isa = PBXGroup;
			children = (
				25E5829D29A65FF500E025DF /* CoreData */,
				25E5829B29A65F6000E025DF /* App */,
				25E5829A29A65F4000E025DF /* UI */,
				25C5AC8F29A153D00017A3F9 /* Delegates */,
				25C5AC7229A0EAA70017A3F9 /* Utils */,
				25C5AC6F29A0EA1A0017A3F9 /* ApiClientModel */,
				2546E1C5299FA45F006BCA17 /* Main.storyboard */,
				2546E1CB299FA462006BCA17 /* Assets.xcassets */,
				2546E1CD299FA462006BCA17 /* LaunchScreen.storyboard */,
				2546E1D0299FA462006BCA17 /* Info.plist */,
			);
			path = iOS_Advance_practice;
			sourceTree = "<group>";
		};
		2546E1F2299FA475006BCA17 /* login */ = {
			isa = PBXGroup;
			children = (
				2546E1F5299FA677006BCA17 /* LoginView.swift */,
				2546E1F7299FD65F006BCA17 /* LoginViewController.swift */,
				2546E1F9299FE1DA006BCA17 /* LoginViewModel.swift */,
			);
			path = login;
			sourceTree = "<group>";
		};
		25A9D55729AA935D00E75F02 /* MapView */ = {
			isa = PBXGroup;
			children = (
				25A9D55829AA938B00E75F02 /* HeroMapView.swift */,
				25A9D55A29AA97A500E75F02 /* HeroeMapViewController.swift */,
			);
			path = MapView;
			sourceTree = "<group>";
		};
		25C5AC6F29A0EA1A0017A3F9 /* ApiClientModel */ = {
			isa = PBXGroup;
			children = (
				25C5AC7029A0EA470017A3F9 /* ApiClient.swift */,
			);
			path = ApiClientModel;
			sourceTree = "<group>";
		};
		25C5AC7229A0EAA70017A3F9 /* Utils */ = {
			isa = PBXGroup;
			children = (
				25C5AC7329A0EABF0017A3F9 /* Constants.swift */,
			);
			path = Utils;
			sourceTree = "<group>";
		};
		25C5AC7529A0F5800017A3F9 /* HeroeList */ = {
			isa = PBXGroup;
			children = (
				25C5AC7929A0F8EF0017A3F9 /* View */,
				25C5AC7829A0F8D30017A3F9 /* Model */,
				25C5AC7729A0F8CB0017A3F9 /* Controller */,
				25C5AC7629A0F5B60017A3F9 /* MvvM */,
			);
			path = HeroeList;
			sourceTree = "<group>";
		};
		25C5AC7629A0F5B60017A3F9 /* MvvM */ = {
			isa = PBXGroup;
			children = (
				25C5AC8729A13FAC0017A3F9 /* HeroViewModel.swift */,
			);
			path = MvvM;
			sourceTree = "<group>";
		};
		25C5AC7729A0F8CB0017A3F9 /* Controller */ = {
			isa = PBXGroup;
			children = (
				25C5AC8929A13FC20017A3F9 /* HeroViewController.swift */,
				25C5AC8B29A1440C0017A3F9 /* HeroDataSource.swift */,
				25C5AC8D29A144290017A3F9 /* HeroeListDelegate.swift */,
			);
			path = Controller;
			sourceTree = "<group>";
		};
		25C5AC7829A0F8D30017A3F9 /* Model */ = {
			isa = PBXGroup;
			children = (
				25C5AC7E29A1060C0017A3F9 /* HeroeModel.swift */,
			);
			path = Model;
			sourceTree = "<group>";
		};
		25C5AC7929A0F8EF0017A3F9 /* View */ = {
			isa = PBXGroup;
			children = (
				25C5AC8029A1097D0017A3F9 /* CustomCell */,
				25C5AC7A29A0F9190017A3F9 /* HeroListView.swift */,
			);
			path = View;
			sourceTree = "<group>";
		};
		25C5AC8029A1097D0017A3F9 /* CustomCell */ = {
			isa = PBXGroup;
			children = (
				25C5AC7C29A0FA580017A3F9 /* HeroCell.swift */,
			);
			path = CustomCell;
			sourceTree = "<group>";
		};
		25C5AC8129A109B10017A3F9 /* HeroeDetail */ = {
			isa = PBXGroup;
			children = (
				25C5AC8229A109D40017A3F9 /* HeroeDetail.swift */,
				2589299729A9498900226A36 /* HeroeDetailController.swift */,
			);
			path = HeroeDetail;
			sourceTree = "<group>";
		};
		25C5AC8F29A153D00017A3F9 /* Delegates */ = {
			isa = PBXGroup;
			children = (
				25C5AC9029A1548A0017A3F9 /* LoginDelegate.swift */,
			);
			path = Delegates;
			sourceTree = "<group>";
		};
		25E5829A29A65F4000E025DF /* UI */ = {
			isa = PBXGroup;
			children = (
				25A9D55729AA935D00E75F02 /* MapView */,
				25E5829C29A65F8700E025DF /* TabBar */,
				2546E1F2299FA475006BCA17 /* login */,
				25C5AC7529A0F5800017A3F9 /* HeroeList */,
				25C5AC8129A109B10017A3F9 /* HeroeDetail */,
			);
			path = UI;
			sourceTree = "<group>";
		};
		25E5829B29A65F6000E025DF /* App */ = {
			isa = PBXGroup;
			children = (
				2546E1BF299FA45F006BCA17 /* AppDelegate.swift */,
				2546E1C1299FA45F006BCA17 /* SceneDelegate.swift */,
				2546E1C3299FA45F006BCA17 /* ViewController.swift */,
			);
			path = App;
			sourceTree = "<group>";
		};
		25E5829C29A65F8700E025DF /* TabBar */ = {
			isa = PBXGroup;
			children = (
				25E7583129A3FF22004FD845 /* TabBarClass.swift */,
			);
			path = TabBar;
			sourceTree = "<group>";
		};
		25E5829D29A65FF500E025DF /* CoreData */ = {
			isa = PBXGroup;
			children = (
				25E5829F29A6602000E025DF /* Heroe.xcdatamodeld */,
				25E582A229A662D300E025DF /* DataManager.swift */,
				25E582A429A6796600E025DF /* Heroe+CoreData.swift */,
			);
			path = CoreData;
			sourceTree = "<group>";
		};
/* End PBXGroup section */

/* Begin PBXNativeTarget section */
		2546E1BB299FA45F006BCA17 /* iOS_Advance_practice */ = {
			isa = PBXNativeTarget;
			buildConfigurationList = 2546E1E9299FA462006BCA17 /* Build configuration list for PBXNativeTarget "iOS_Advance_practice" */;
			buildPhases = (
				2546E1B8299FA45F006BCA17 /* Sources */,
				2546E1B9299FA45F006BCA17 /* Frameworks */,
				2546E1BA299FA45F006BCA17 /* Resources */,
			);
			buildRules = (
			);
			dependencies = (
			);
			name = iOS_Advance_practice;
			packageProductDependencies = (
				25C5AC8529A139DD0017A3F9 /* Kingfisher */,
			);
			productName = iOS_Advance_practice;
			productReference = 2546E1BC299FA45F006BCA17 /* iOS_Advance_practice.app */;
			productType = "com.apple.product-type.application";
		};
		2546E1D4299FA462006BCA17 /* iOS_Advance_practiceTests */ = {
			isa = PBXNativeTarget;
			buildConfigurationList = 2546E1EC299FA462006BCA17 /* Build configuration list for PBXNativeTarget "iOS_Advance_practiceTests" */;
			buildPhases = (
				2546E1D1299FA462006BCA17 /* Sources */,
				2546E1D2299FA462006BCA17 /* Frameworks */,
				2546E1D3299FA462006BCA17 /* Resources */,
			);
			buildRules = (
			);
			dependencies = (
				2546E1D7299FA462006BCA17 /* PBXTargetDependency */,
			);
			name = iOS_Advance_practiceTests;
			productName = iOS_Advance_practiceTests;
			productReference = 2546E1D5299FA462006BCA17 /* iOS_Advance_practiceTests.xctest */;
			productType = "com.apple.product-type.bundle.unit-test";
		};
		2546E1DE299FA462006BCA17 /* iOS_Advance_practiceUITests */ = {
			isa = PBXNativeTarget;
			buildConfigurationList = 2546E1EF299FA462006BCA17 /* Build configuration list for PBXNativeTarget "iOS_Advance_practiceUITests" */;
			buildPhases = (
				2546E1DB299FA462006BCA17 /* Sources */,
				2546E1DC299FA462006BCA17 /* Frameworks */,
				2546E1DD299FA462006BCA17 /* Resources */,
			);
			buildRules = (
			);
			dependencies = (
				2546E1E1299FA462006BCA17 /* PBXTargetDependency */,
			);
			name = iOS_Advance_practiceUITests;
			productName = iOS_Advance_practiceUITests;
			productReference = 2546E1DF299FA462006BCA17 /* iOS_Advance_practiceUITests.xctest */;
			productType = "com.apple.product-type.bundle.ui-testing";
		};
/* End PBXNativeTarget section */

/* Begin PBXProject section */
		2546E1B4299FA45F006BCA17 /* Project object */ = {
			isa = PBXProject;
			attributes = {
				BuildIndependentTargetsInParallel = 1;
				LastSwiftUpdateCheck = 1410;
				LastUpgradeCheck = 1410;
				TargetAttributes = {
					2546E1BB299FA45F006BCA17 = {
						CreatedOnToolsVersion = 14.1;
					};
					2546E1D4299FA462006BCA17 = {
						CreatedOnToolsVersion = 14.1;
						TestTargetID = 2546E1BB299FA45F006BCA17;
					};
					2546E1DE299FA462006BCA17 = {
						CreatedOnToolsVersion = 14.1;
						TestTargetID = 2546E1BB299FA45F006BCA17;
					};
				};
			};
			buildConfigurationList = 2546E1B7299FA45F006BCA17 /* Build configuration list for PBXProject "iOS_Advance_practice" */;
			compatibilityVersion = "Xcode 14.0";
			developmentRegion = en;
			hasScannedForEncodings = 0;
			knownRegions = (
				en,
				Base,
			);
			mainGroup = 2546E1B3299FA45F006BCA17;
			packageReferences = (
				25C5AC8429A139DD0017A3F9 /* XCRemoteSwiftPackageReference "Kingfisher" */,
			);
			productRefGroup = 2546E1BD299FA45F006BCA17 /* Products */;
			projectDirPath = "";
			projectRoot = "";
			targets = (
				2546E1BB299FA45F006BCA17 /* iOS_Advance_practice */,
				2546E1D4299FA462006BCA17 /* iOS_Advance_practiceTests */,
				2546E1DE299FA462006BCA17 /* iOS_Advance_practiceUITests */,
			);
		};
/* End PBXProject section */

/* Begin PBXResourcesBuildPhase section */
		2546E1BA299FA45F006BCA17 /* Resources */ = {
			isa = PBXResourcesBuildPhase;
			buildActionMask = 2147483647;
			files = (
				2546E1CF299FA462006BCA17 /* LaunchScreen.storyboard in Resources */,
				2546E1CC299FA462006BCA17 /* Assets.xcassets in Resources */,
				2546E1C7299FA45F006BCA17 /* Main.storyboard in Resources */,
			);
			runOnlyForDeploymentPostprocessing = 0;
		};
		2546E1D3299FA462006BCA17 /* Resources */ = {
			isa = PBXResourcesBuildPhase;
			buildActionMask = 2147483647;
			files = (
			);
			runOnlyForDeploymentPostprocessing = 0;
		};
		2546E1DD299FA462006BCA17 /* Resources */ = {
			isa = PBXResourcesBuildPhase;
			buildActionMask = 2147483647;
			files = (
			);
			runOnlyForDeploymentPostprocessing = 0;
		};
/* End PBXResourcesBuildPhase section */

/* Begin PBXSourcesBuildPhase section */
		2546E1B8299FA45F006BCA17 /* Sources */ = {
			isa = PBXSourcesBuildPhase;
			buildActionMask = 2147483647;
			files = (
				2546E1F8299FD65F006BCA17 /* LoginViewController.swift in Sources */,
				2546E1C4299FA45F006BCA17 /* ViewController.swift in Sources */,
				25C5AC7129A0EA470017A3F9 /* ApiClient.swift in Sources */,
				25C5AC7B29A0F9190017A3F9 /* HeroListView.swift in Sources */,
				2546E1C0299FA45F006BCA17 /* AppDelegate.swift in Sources */,
				25E7583229A3FF22004FD845 /* TabBarClass.swift in Sources */,
				25C5AC9529A160E10017A3F9 /* Globals.swift in Sources */,
				2546E1F6299FA677006BCA17 /* LoginView.swift in Sources */,
				25E582A529A6796600E025DF /* Heroe+CoreData.swift in Sources */,
				2546E1C2299FA45F006BCA17 /* SceneDelegate.swift in Sources */,
				25E582A129A6602000E025DF /* Heroe.xcdatamodeld in Sources */,
				25E582A329A662D300E025DF /* DataManager.swift in Sources */,
				25C5AC8C29A1440C0017A3F9 /* HeroDataSource.swift in Sources */,
				25C5AC8829A13FAC0017A3F9 /* HeroViewModel.swift in Sources */,
				25C5AC7D29A0FA580017A3F9 /* HeroCell.swift in Sources */,
				25C5AC8A29A13FC20017A3F9 /* HeroViewController.swift in Sources */,
				25C5AC8E29A144290017A3F9 /* HeroeListDelegate.swift in Sources */,
				2546E1FA299FE1DA006BCA17 /* LoginViewModel.swift in Sources */,
				25C5AC7429A0EABF0017A3F9 /* Constants.swift in Sources */,
				25A9D55929AA938B00E75F02 /* HeroMapView.swift in Sources */,
				25C5AC7F29A1060C0017A3F9 /* HeroeModel.swift in Sources */,
				25A9D55B29AA97A500E75F02 /* HeroeMapViewController.swift in Sources */,
				25C5AC9129A1548A0017A3F9 /* LoginDelegate.swift in Sources */,
				25C5AC8329A109D40017A3F9 /* HeroeDetail.swift in Sources */,
				2589299829A9498900226A36 /* HeroeDetailController.swift in Sources */,
			);
			runOnlyForDeploymentPostprocessing = 0;
		};
		2546E1D1299FA462006BCA17 /* Sources */ = {
			isa = PBXSourcesBuildPhase;
			buildActionMask = 2147483647;
			files = (
			);
			runOnlyForDeploymentPostprocessing = 0;
		};
		2546E1DB299FA462006BCA17 /* Sources */ = {
			isa = PBXSourcesBuildPhase;
			buildActionMask = 2147483647;
			files = (
			);
			runOnlyForDeploymentPostprocessing = 0;
		};
/* End PBXSourcesBuildPhase section */

/* Begin PBXTargetDependency section */
		2546E1D7299FA462006BCA17 /* PBXTargetDependency */ = {
			isa = PBXTargetDependency;
			target = 2546E1BB299FA45F006BCA17 /* iOS_Advance_practice */;
			targetProxy = 2546E1D6299FA462006BCA17 /* PBXContainerItemProxy */;
		};
		2546E1E1299FA462006BCA17 /* PBXTargetDependency */ = {
			isa = PBXTargetDependency;
			target = 2546E1BB299FA45F006BCA17 /* iOS_Advance_practice */;
			targetProxy = 2546E1E0299FA462006BCA17 /* PBXContainerItemProxy */;
		};
/* End PBXTargetDependency section */

/* Begin PBXVariantGroup section */
		2546E1C5299FA45F006BCA17 /* Main.storyboard */ = {
			isa = PBXVariantGroup;
			children = (
				2546E1C6299FA45F006BCA17 /* Base */,
			);
			name = Main.storyboard;
			sourceTree = "<group>";
		};
		2546E1CD299FA462006BCA17 /* LaunchScreen.storyboard */ = {
			isa = PBXVariantGroup;
			children = (
				2546E1CE299FA462006BCA17 /* Base */,
			);
			name = LaunchScreen.storyboard;
			sourceTree = "<group>";
		};
/* End PBXVariantGroup section */

/* Begin XCBuildConfiguration section */
		2546E1E7299FA462006BCA17 /* Debug */ = {
			isa = XCBuildConfiguration;
			buildSettings = {
				ALWAYS_SEARCH_USER_PATHS = NO;
				CLANG_ANALYZER_NONNULL = YES;
				CLANG_ANALYZER_NUMBER_OBJECT_CONVERSION = YES_AGGRESSIVE;
				CLANG_CXX_LANGUAGE_STANDARD = "gnu++20";
				CLANG_ENABLE_MODULES = YES;
				CLANG_ENABLE_OBJC_ARC = YES;
				CLANG_ENABLE_OBJC_WEAK = YES;
				CLANG_WARN_BLOCK_CAPTURE_AUTORELEASING = YES;
				CLANG_WARN_BOOL_CONVERSION = YES;
				CLANG_WARN_COMMA = YES;
				CLANG_WARN_CONSTANT_CONVERSION = YES;
				CLANG_WARN_DEPRECATED_OBJC_IMPLEMENTATIONS = YES;
				CLANG_WARN_DIRECT_OBJC_ISA_USAGE = YES_ERROR;
				CLANG_WARN_DOCUMENTATION_COMMENTS = YES;
				CLANG_WARN_EMPTY_BODY = YES;
				CLANG_WARN_ENUM_CONVERSION = YES;
				CLANG_WARN_INFINITE_RECURSION = YES;
				CLANG_WARN_INT_CONVERSION = YES;
				CLANG_WARN_NON_LITERAL_NULL_CONVERSION = YES;
				CLANG_WARN_OBJC_IMPLICIT_RETAIN_SELF = YES;
				CLANG_WARN_OBJC_LITERAL_CONVERSION = YES;
				CLANG_WARN_OBJC_ROOT_CLASS = YES_ERROR;
				CLANG_WARN_QUOTED_INCLUDE_IN_FRAMEWORK_HEADER = YES;
				CLANG_WARN_RANGE_LOOP_ANALYSIS = YES;
				CLANG_WARN_STRICT_PROTOTYPES = YES;
				CLANG_WARN_SUSPICIOUS_MOVE = YES;
				CLANG_WARN_UNGUARDED_AVAILABILITY = YES_AGGRESSIVE;
				CLANG_WARN_UNREACHABLE_CODE = YES;
				CLANG_WARN__DUPLICATE_METHOD_MATCH = YES;
				COPY_PHASE_STRIP = NO;
				DEBUG_INFORMATION_FORMAT = dwarf;
				ENABLE_STRICT_OBJC_MSGSEND = YES;
				ENABLE_TESTABILITY = YES;
				GCC_C_LANGUAGE_STANDARD = gnu11;
				GCC_DYNAMIC_NO_PIC = NO;
				GCC_NO_COMMON_BLOCKS = YES;
				GCC_OPTIMIZATION_LEVEL = 0;
				GCC_PREPROCESSOR_DEFINITIONS = (
					"DEBUG=1",
					"$(inherited)",
				);
				GCC_WARN_64_TO_32_BIT_CONVERSION = YES;
				GCC_WARN_ABOUT_RETURN_TYPE = YES_ERROR;
				GCC_WARN_UNDECLARED_SELECTOR = YES;
				GCC_WARN_UNINITIALIZED_AUTOS = YES_AGGRESSIVE;
				GCC_WARN_UNUSED_FUNCTION = YES;
				GCC_WARN_UNUSED_VARIABLE = YES;
				IPHONEOS_DEPLOYMENT_TARGET = 16.1;
				MTL_ENABLE_DEBUG_INFO = INCLUDE_SOURCE;
				MTL_FAST_MATH = YES;
				ONLY_ACTIVE_ARCH = YES;
				SDKROOT = iphoneos;
				SWIFT_ACTIVE_COMPILATION_CONDITIONS = DEBUG;
				SWIFT_OPTIMIZATION_LEVEL = "-Onone";
			};
			name = Debug;
		};
		2546E1E8299FA462006BCA17 /* Release */ = {
			isa = XCBuildConfiguration;
			buildSettings = {
				ALWAYS_SEARCH_USER_PATHS = NO;
				CLANG_ANALYZER_NONNULL = YES;
				CLANG_ANALYZER_NUMBER_OBJECT_CONVERSION = YES_AGGRESSIVE;
				CLANG_CXX_LANGUAGE_STANDARD = "gnu++20";
				CLANG_ENABLE_MODULES = YES;
				CLANG_ENABLE_OBJC_ARC = YES;
				CLANG_ENABLE_OBJC_WEAK = YES;
				CLANG_WARN_BLOCK_CAPTURE_AUTORELEASING = YES;
				CLANG_WARN_BOOL_CONVERSION = YES;
				CLANG_WARN_COMMA = YES;
				CLANG_WARN_CONSTANT_CONVERSION = YES;
				CLANG_WARN_DEPRECATED_OBJC_IMPLEMENTATIONS = YES;
				CLANG_WARN_DIRECT_OBJC_ISA_USAGE = YES_ERROR;
				CLANG_WARN_DOCUMENTATION_COMMENTS = YES;
				CLANG_WARN_EMPTY_BODY = YES;
				CLANG_WARN_ENUM_CONVERSION = YES;
				CLANG_WARN_INFINITE_RECURSION = YES;
				CLANG_WARN_INT_CONVERSION = YES;
				CLANG_WARN_NON_LITERAL_NULL_CONVERSION = YES;
				CLANG_WARN_OBJC_IMPLICIT_RETAIN_SELF = YES;
				CLANG_WARN_OBJC_LITERAL_CONVERSION = YES;
				CLANG_WARN_OBJC_ROOT_CLASS = YES_ERROR;
				CLANG_WARN_QUOTED_INCLUDE_IN_FRAMEWORK_HEADER = YES;
				CLANG_WARN_RANGE_LOOP_ANALYSIS = YES;
				CLANG_WARN_STRICT_PROTOTYPES = YES;
				CLANG_WARN_SUSPICIOUS_MOVE = YES;
				CLANG_WARN_UNGUARDED_AVAILABILITY = YES_AGGRESSIVE;
				CLANG_WARN_UNREACHABLE_CODE = YES;
				CLANG_WARN__DUPLICATE_METHOD_MATCH = YES;
				COPY_PHASE_STRIP = NO;
				DEBUG_INFORMATION_FORMAT = "dwarf-with-dsym";
				ENABLE_NS_ASSERTIONS = NO;
				ENABLE_STRICT_OBJC_MSGSEND = YES;
				GCC_C_LANGUAGE_STANDARD = gnu11;
				GCC_NO_COMMON_BLOCKS = YES;
				GCC_WARN_64_TO_32_BIT_CONVERSION = YES;
				GCC_WARN_ABOUT_RETURN_TYPE = YES_ERROR;
				GCC_WARN_UNDECLARED_SELECTOR = YES;
				GCC_WARN_UNINITIALIZED_AUTOS = YES_AGGRESSIVE;
				GCC_WARN_UNUSED_FUNCTION = YES;
				GCC_WARN_UNUSED_VARIABLE = YES;
				IPHONEOS_DEPLOYMENT_TARGET = 16.1;
				MTL_ENABLE_DEBUG_INFO = NO;
				MTL_FAST_MATH = YES;
				SDKROOT = iphoneos;
				SWIFT_COMPILATION_MODE = wholemodule;
				SWIFT_OPTIMIZATION_LEVEL = "-O";
				VALIDATE_PRODUCT = YES;
			};
			name = Release;
		};
		2546E1EA299FA462006BCA17 /* Debug */ = {
			isa = XCBuildConfiguration;
			buildSettings = {
				ASSETCATALOG_COMPILER_APPICON_NAME = AppIcon;
				ASSETCATALOG_COMPILER_GLOBAL_ACCENT_COLOR_NAME = AccentColor;
				CODE_SIGN_STYLE = Automatic;
				CURRENT_PROJECT_VERSION = 1;
				DEVELOPMENT_TEAM = 4TCN252L83;
				GENERATE_INFOPLIST_FILE = YES;
				INFOPLIST_FILE = iOS_Advance_practice/Info.plist;
				INFOPLIST_KEY_UIApplicationSupportsIndirectInputEvents = YES;
				INFOPLIST_KEY_UILaunchStoryboardName = LaunchScreen;
				INFOPLIST_KEY_UIMainStoryboardFile = Main;
				INFOPLIST_KEY_UISupportedInterfaceOrientations_iPad = "UIInterfaceOrientationPortrait UIInterfaceOrientationPortraitUpsideDown UIInterfaceOrientationLandscapeLeft UIInterfaceOrientationLandscapeRight";
				INFOPLIST_KEY_UISupportedInterfaceOrientations_iPhone = "UIInterfaceOrientationPortrait UIInterfaceOrientationLandscapeLeft UIInterfaceOrientationLandscapeRight";
				LD_RUNPATH_SEARCH_PATHS = (
					"$(inherited)",
					"@executable_path/Frameworks",
				);
				MARKETING_VERSION = 1.0;
				PRODUCT_BUNDLE_IDENTIFIER = "isabelc.iOS-Advance-practice";
				PRODUCT_NAME = "$(TARGET_NAME)";
				SWIFT_EMIT_LOC_STRINGS = YES;
				SWIFT_VERSION = 5.0;
				TARGETED_DEVICE_FAMILY = "1,2";
			};
			name = Debug;
		};
		2546E1EB299FA462006BCA17 /* Release */ = {
			isa = XCBuildConfiguration;
			buildSettings = {
				ASSETCATALOG_COMPILER_APPICON_NAME = AppIcon;
				ASSETCATALOG_COMPILER_GLOBAL_ACCENT_COLOR_NAME = AccentColor;
				CODE_SIGN_STYLE = Automatic;
				CURRENT_PROJECT_VERSION = 1;
				DEVELOPMENT_TEAM = 4TCN252L83;
				GENERATE_INFOPLIST_FILE = YES;
				INFOPLIST_FILE = iOS_Advance_practice/Info.plist;
				INFOPLIST_KEY_UIApplicationSupportsIndirectInputEvents = YES;
				INFOPLIST_KEY_UILaunchStoryboardName = LaunchScreen;
				INFOPLIST_KEY_UIMainStoryboardFile = Main;
				INFOPLIST_KEY_UISupportedInterfaceOrientations_iPad = "UIInterfaceOrientationPortrait UIInterfaceOrientationPortraitUpsideDown UIInterfaceOrientationLandscapeLeft UIInterfaceOrientationLandscapeRight";
				INFOPLIST_KEY_UISupportedInterfaceOrientations_iPhone = "UIInterfaceOrientationPortrait UIInterfaceOrientationLandscapeLeft UIInterfaceOrientationLandscapeRight";
				LD_RUNPATH_SEARCH_PATHS = (
					"$(inherited)",
					"@executable_path/Frameworks",
				);
				MARKETING_VERSION = 1.0;
				PRODUCT_BUNDLE_IDENTIFIER = "isabelc.iOS-Advance-practice";
				PRODUCT_NAME = "$(TARGET_NAME)";
				SWIFT_EMIT_LOC_STRINGS = YES;
				SWIFT_VERSION = 5.0;
				TARGETED_DEVICE_FAMILY = "1,2";
			};
			name = Release;
		};
		2546E1ED299FA462006BCA17 /* Debug */ = {
			isa = XCBuildConfiguration;
			buildSettings = {
				ALWAYS_EMBED_SWIFT_STANDARD_LIBRARIES = YES;
				BUNDLE_LOADER = "$(TEST_HOST)";
				CODE_SIGN_STYLE = Automatic;
				CURRENT_PROJECT_VERSION = 1;
				DEVELOPMENT_TEAM = 4TCN252L83;
				GENERATE_INFOPLIST_FILE = YES;
				IPHONEOS_DEPLOYMENT_TARGET = 16.1;
				MARKETING_VERSION = 1.0;
				PRODUCT_BUNDLE_IDENTIFIER = "isabelc.iOS-Advance-practiceTests";
				PRODUCT_NAME = "$(TARGET_NAME)";
				SWIFT_EMIT_LOC_STRINGS = NO;
				SWIFT_VERSION = 5.0;
				TARGETED_DEVICE_FAMILY = "1,2";
				TEST_HOST = "$(BUILT_PRODUCTS_DIR)/iOS_Advance_practice.app/$(BUNDLE_EXECUTABLE_FOLDER_PATH)/iOS_Advance_practice";
			};
			name = Debug;
		};
		2546E1EE299FA462006BCA17 /* Release */ = {
			isa = XCBuildConfiguration;
			buildSettings = {
				ALWAYS_EMBED_SWIFT_STANDARD_LIBRARIES = YES;
				BUNDLE_LOADER = "$(TEST_HOST)";
				CODE_SIGN_STYLE = Automatic;
				CURRENT_PROJECT_VERSION = 1;
				DEVELOPMENT_TEAM = 4TCN252L83;
				GENERATE_INFOPLIST_FILE = YES;
				IPHONEOS_DEPLOYMENT_TARGET = 16.1;
				MARKETING_VERSION = 1.0;
				PRODUCT_BUNDLE_IDENTIFIER = "isabelc.iOS-Advance-practiceTests";
				PRODUCT_NAME = "$(TARGET_NAME)";
				SWIFT_EMIT_LOC_STRINGS = NO;
				SWIFT_VERSION = 5.0;
				TARGETED_DEVICE_FAMILY = "1,2";
				TEST_HOST = "$(BUILT_PRODUCTS_DIR)/iOS_Advance_practice.app/$(BUNDLE_EXECUTABLE_FOLDER_PATH)/iOS_Advance_practice";
			};
			name = Release;
		};
		2546E1F0299FA462006BCA17 /* Debug */ = {
			isa = XCBuildConfiguration;
			buildSettings = {
				ALWAYS_EMBED_SWIFT_STANDARD_LIBRARIES = YES;
				CODE_SIGN_STYLE = Automatic;
				CURRENT_PROJECT_VERSION = 1;
				DEVELOPMENT_TEAM = 4TCN252L83;
				GENERATE_INFOPLIST_FILE = YES;
				MARKETING_VERSION = 1.0;
				PRODUCT_BUNDLE_IDENTIFIER = "isabelc.iOS-Advance-practiceUITests";
				PRODUCT_NAME = "$(TARGET_NAME)";
				SWIFT_EMIT_LOC_STRINGS = NO;
				SWIFT_VERSION = 5.0;
				TARGETED_DEVICE_FAMILY = "1,2";
				TEST_TARGET_NAME = iOS_Advance_practice;
			};
			name = Debug;
		};
		2546E1F1299FA462006BCA17 /* Release */ = {
			isa = XCBuildConfiguration;
			buildSettings = {
				ALWAYS_EMBED_SWIFT_STANDARD_LIBRARIES = YES;
				CODE_SIGN_STYLE = Automatic;
				CURRENT_PROJECT_VERSION = 1;
				DEVELOPMENT_TEAM = 4TCN252L83;
				GENERATE_INFOPLIST_FILE = YES;
				MARKETING_VERSION = 1.0;
				PRODUCT_BUNDLE_IDENTIFIER = "isabelc.iOS-Advance-practiceUITests";
				PRODUCT_NAME = "$(TARGET_NAME)";
				SWIFT_EMIT_LOC_STRINGS = NO;
				SWIFT_VERSION = 5.0;
				TARGETED_DEVICE_FAMILY = "1,2";
				TEST_TARGET_NAME = iOS_Advance_practice;
			};
			name = Release;
		};
/* End XCBuildConfiguration section */

/* Begin XCConfigurationList section */
		2546E1B7299FA45F006BCA17 /* Build configuration list for PBXProject "iOS_Advance_practice" */ = {
			isa = XCConfigurationList;
			buildConfigurations = (
				2546E1E7299FA462006BCA17 /* Debug */,
				2546E1E8299FA462006BCA17 /* Release */,
			);
			defaultConfigurationIsVisible = 0;
			defaultConfigurationName = Release;
		};
		2546E1E9299FA462006BCA17 /* Build configuration list for PBXNativeTarget "iOS_Advance_practice" */ = {
			isa = XCConfigurationList;
			buildConfigurations = (
				2546E1EA299FA462006BCA17 /* Debug */,
				2546E1EB299FA462006BCA17 /* Release */,
			);
			defaultConfigurationIsVisible = 0;
			defaultConfigurationName = Release;
		};
		2546E1EC299FA462006BCA17 /* Build configuration list for PBXNativeTarget "iOS_Advance_practiceTests" */ = {
			isa = XCConfigurationList;
			buildConfigurations = (
				2546E1ED299FA462006BCA17 /* Debug */,
				2546E1EE299FA462006BCA17 /* Release */,
			);
			defaultConfigurationIsVisible = 0;
			defaultConfigurationName = Release;
		};
		2546E1EF299FA462006BCA17 /* Build configuration list for PBXNativeTarget "iOS_Advance_practiceUITests" */ = {
			isa = XCConfigurationList;
			buildConfigurations = (
				2546E1F0299FA462006BCA17 /* Debug */,
				2546E1F1299FA462006BCA17 /* Release */,
			);
			defaultConfigurationIsVisible = 0;
			defaultConfigurationName = Release;
		};
/* End XCConfigurationList section */

/* Begin XCRemoteSwiftPackageReference section */
		25C5AC8429A139DD0017A3F9 /* XCRemoteSwiftPackageReference "Kingfisher" */ = {
			isa = XCRemoteSwiftPackageReference;
			repositoryURL = "git@github.com:onevcat/Kingfisher.git";
			requirement = {
				branch = master;
				kind = branch;
			};
		};
/* End XCRemoteSwiftPackageReference section */

/* Begin XCSwiftPackageProductDependency section */
		25C5AC8529A139DD0017A3F9 /* Kingfisher */ = {
			isa = XCSwiftPackageProductDependency;
			package = 25C5AC8429A139DD0017A3F9 /* XCRemoteSwiftPackageReference "Kingfisher" */;
			productName = Kingfisher;
		};
/* End XCSwiftPackageProductDependency section */

/* Begin XCVersionGroup section */
		25E5829F29A6602000E025DF /* Heroe.xcdatamodeld */ = {
			isa = XCVersionGroup;
			children = (
				25E582A029A6602000E025DF /* Heroe.xcdatamodel */,
			);
			currentVersion = 25E582A029A6602000E025DF /* Heroe.xcdatamodel */;
			path = Heroe.xcdatamodeld;
			sourceTree = "<group>";
			versionGroupType = wrapper.xcdatamodel;
		};
/* End XCVersionGroup section */
	};
	rootObject = 2546E1B4299FA45F006BCA17 /* Project object */;
}
